
Microsoft Visual Studio Solution File, Format Version 12.00
# Visual Studio Version 17
VisualStudioVersion = 17.0.31903.59
MinimumVisualStudioVersion = 10.0.40219.1
Project("{2150E333-8FDC-42A3-9474-1A3956D46DE8}") = "src", "src", "{827E0CD3-B72D-47B6-A68D-7590B98EB39B}"
EndProject
Project("{FAE04EC0-301F-11D3-BF4B-00C04F79EFBC}") = "Ceiba.Core", "src\Ceiba.Core\Ceiba.Core.csproj", "{D49AB3BC-1549-46C5-95EE-008B38D241F8}"
EndProject
Project("{FAE04EC0-301F-11D3-BF4B-00C04F79EFBC}") = "Ceiba.Application", "src\Ceiba.Application\Ceiba.Application.csproj", "{D4FCCF9A-B01F-4175-A143-E56A16505BE6}"
EndProject
Project("{FAE04EC0-301F-11D3-BF4B-00C04F79EFBC}") = "Ceiba.Infrastructure", "src\Ceiba.Infrastructure\Ceiba.Infrastructure.csproj", "{799F7D6A-2329-4253-82FC-5D2668707688}"
EndProject
Project("{FAE04EC0-301F-11D3-BF4B-00C04F79EFBC}") = "Ceiba.Shared", "src\Ceiba.Shared\Ceiba.Shared.csproj", "{C71CD991-E270-4640-BD4E-8C1569DD6FC3}"
EndProject
Project("{FAE04EC0-301F-11D3-BF4B-00C04F79EFBC}") = "Ceiba.Web", "src\Ceiba.Web\Ceiba.Web.csproj", "{FE554E7A-0CCB-4B93-83E4-FCB57C740017}"
EndProject
Project("{2150E333-8FDC-42A3-9474-1A3956D46DE8}") = "tests", "tests", "{0AB3BF05-4346-4AA6-1389-037BE0695223}"
EndProject
Project("{FAE04EC0-301F-11D3-BF4B-00C04F79EFBC}") = "Ceiba.Core.Tests", "tests\Ceiba.Core.Tests\Ceiba.Core.Tests.csproj", "{15C93A62-D1DF-435D-9BD5-924F4F3A5144}"
EndProject
Project("{FAE04EC0-301F-11D3-BF4B-00C04F79EFBC}") = "Ceiba.Application.Tests", "tests\Ceiba.Application.Tests\Ceiba.Application.Tests.csproj", "{CECD951E-6F16-48E1-8206-DEA9BD7097E7}"
EndProject
Project("{FAE04EC0-301F-11D3-BF4B-00C04F79EFBC}") = "Ceiba.Infrastructure.Tests", "tests\Ceiba.Infrastructure.Tests\Ceiba.Infrastructure.Tests.csproj", "{BE9A6AAC-1936-4085-9196-520FC08FED94}"
EndProject
Project("{FAE04EC0-301F-11D3-BF4B-00C04F79EFBC}") = "Ceiba.Web.Tests", "tests\Ceiba.Web.Tests\Ceiba.Web.Tests.csproj", "{162BAA3D-014C-47D3-AAC4-B0F3E5E0E809}"
EndProject
Project("{FAE04EC0-301F-11D3-BF4B-00C04F79EFBC}") = "Ceiba.Integration.Tests", "tests\Ceiba.Integration.Tests\Ceiba.Integration.Tests.csproj", "{965124A3-CC05-40FB-B1F7-B1ADB14A08AB}"
EndProject
Project("{FAE04EC0-301F-11D3-BF4B-00C04F79EFBC}") = "Ceiba.AppHost", "Ceiba.AppHost\Ceiba.AppHost.csproj", "{C3BF799D-F5A4-41AB-8727-3B79AFDB0569}"
EndProject
Project("{FAE04EC0-301F-11D3-BF4B-00C04F79EFBC}") = "Ceiba.ServiceDefaults", "Ceiba.ServiceDefaults\Ceiba.ServiceDefaults.csproj", "{1957C31B-6066-4BA0-915C-DDAA2A21EBDB}"
EndProject
Global
	GlobalSection(SolutionConfigurationPlatforms) = preSolution
		Debug|Any CPU = Debug|Any CPU
		Debug|x64 = Debug|x64
		Debug|x86 = Debug|x86
		Release|Any CPU = Release|Any CPU
		Release|x64 = Release|x64
		Release|x86 = Release|x86
	EndGlobalSection
	GlobalSection(ProjectConfigurationPlatforms) = postSolution
		{D49AB3BC-1549-46C5-95EE-008B38D241F8}.Debug|Any CPU.ActiveCfg = Debug|Any CPU
		{D49AB3BC-1549-46C5-95EE-008B38D241F8}.Debug|Any CPU.Build.0 = Debug|Any CPU
		{D49AB3BC-1549-46C5-95EE-008B38D241F8}.Debug|x64.ActiveCfg = Debug|Any CPU
		{D49AB3BC-1549-46C5-95EE-008B38D241F8}.Debug|x64.Build.0 = Debug|Any CPU
		{D49AB3BC-1549-46C5-95EE-008B38D241F8}.Debug|x86.ActiveCfg = Debug|Any CPU
		{D49AB3BC-1549-46C5-95EE-008B38D241F8}.Debug|x86.Build.0 = Debug|Any CPU
		{D49AB3BC-1549-46C5-95EE-008B38D241F8}.Release|Any CPU.ActiveCfg = Release|Any CPU
		{D49AB3BC-1549-46C5-95EE-008B38D241F8}.Release|Any CPU.Build.0 = Release|Any CPU
		{D49AB3BC-1549-46C5-95EE-008B38D241F8}.Release|x64.ActiveCfg = Release|Any CPU
		{D49AB3BC-1549-46C5-95EE-008B38D241F8}.Release|x64.Build.0 = Release|Any CPU
		{D49AB3BC-1549-46C5-95EE-008B38D241F8}.Release|x86.ActiveCfg = Release|Any CPU
		{D49AB3BC-1549-46C5-95EE-008B38D241F8}.Release|x86.Build.0 = Release|Any CPU
		{D4FCCF9A-B01F-4175-A143-E56A16505BE6}.Debug|Any CPU.ActiveCfg = Debug|Any CPU
		{D4FCCF9A-B01F-4175-A143-E56A16505BE6}.Debug|Any CPU.Build.0 = Debug|Any CPU
		{D4FCCF9A-B01F-4175-A143-E56A16505BE6}.Debug|x64.ActiveCfg = Debug|Any CPU
		{D4FCCF9A-B01F-4175-A143-E56A16505BE6}.Debug|x64.Build.0 = Debug|Any CPU
		{D4FCCF9A-B01F-4175-A143-E56A16505BE6}.Debug|x86.ActiveCfg = Debug|Any CPU
		{D4FCCF9A-B01F-4175-A143-E56A16505BE6}.Debug|x86.Build.0 = Debug|Any CPU
		{D4FCCF9A-B01F-4175-A143-E56A16505BE6}.Release|Any CPU.ActiveCfg = Release|Any CPU
		{D4FCCF9A-B01F-4175-A143-E56A16505BE6}.Release|Any CPU.Build.0 = Release|Any CPU
		{D4FCCF9A-B01F-4175-A143-E56A16505BE6}.Release|x64.ActiveCfg = Release|Any CPU
		{D4FCCF9A-B01F-4175-A143-E56A16505BE6}.Release|x64.Build.0 = Release|Any CPU
		{D4FCCF9A-B01F-4175-A143-E56A16505BE6}.Release|x86.ActiveCfg = Release|Any CPU
		{D4FCCF9A-B01F-4175-A143-E56A16505BE6}.Release|x86.Build.0 = Release|Any CPU
		{799F7D6A-2329-4253-82FC-5D2668707688}.Debug|Any CPU.ActiveCfg = Debug|Any CPU
		{799F7D6A-2329-4253-82FC-5D2668707688}.Debug|Any CPU.Build.0 = Debug|Any CPU
		{799F7D6A-2329-4253-82FC-5D2668707688}.Debug|x64.ActiveCfg = Debug|Any CPU
		{799F7D6A-2329-4253-82FC-5D2668707688}.Debug|x64.Build.0 = Debug|Any CPU
		{799F7D6A-2329-4253-82FC-5D2668707688}.Debug|x86.ActiveCfg = Debug|Any CPU
		{799F7D6A-2329-4253-82FC-5D2668707688}.Debug|x86.Build.0 = Debug|Any CPU
		{799F7D6A-2329-4253-82FC-5D2668707688}.Release|Any CPU.ActiveCfg = Release|Any CPU
		{799F7D6A-2329-4253-82FC-5D2668707688}.Release|Any CPU.Build.0 = Release|Any CPU
		{799F7D6A-2329-4253-82FC-5D2668707688}.Release|x64.ActiveCfg = Release|Any CPU
		{799F7D6A-2329-4253-82FC-5D2668707688}.Release|x64.Build.0 = Release|Any CPU
		{799F7D6A-2329-4253-82FC-5D2668707688}.Release|x86.ActiveCfg = Release|Any CPU
		{799F7D6A-2329-4253-82FC-5D2668707688}.Release|x86.Build.0 = Release|Any CPU
		{C71CD991-E270-4640-BD4E-8C1569DD6FC3}.Debug|Any CPU.ActiveCfg = Debug|Any CPU
		{C71CD991-E270-4640-BD4E-8C1569DD6FC3}.Debug|Any CPU.Build.0 = Debug|Any CPU
		{C71CD991-E270-4640-BD4E-8C1569DD6FC3}.Debug|x64.ActiveCfg = Debug|Any CPU
		{C71CD991-E270-4640-BD4E-8C1569DD6FC3}.Debug|x64.Build.0 = Debug|Any CPU
		{C71CD991-E270-4640-BD4E-8C1569DD6FC3}.Debug|x86.ActiveCfg = Debug|Any CPU
		{C71CD991-E270-4640-BD4E-8C1569DD6FC3}.Debug|x86.Build.0 = Debug|Any CPU
		{C71CD991-E270-4640-BD4E-8C1569DD6FC3}.Release|Any CPU.ActiveCfg = Release|Any CPU
		{C71CD991-E270-4640-BD4E-8C1569DD6FC3}.Release|Any CPU.Build.0 = Release|Any CPU
		{C71CD991-E270-4640-BD4E-8C1569DD6FC3}.Release|x64.ActiveCfg = Release|Any CPU
		{C71CD991-E270-4640-BD4E-8C1569DD6FC3}.Release|x64.Build.0 = Release|Any CPU
		{C71CD991-E270-4640-BD4E-8C1569DD6FC3}.Release|x86.ActiveCfg = Release|Any CPU
		{C71CD991-E270-4640-BD4E-8C1569DD6FC3}.Release|x86.Build.0 = Release|Any CPU
		{FE554E7A-0CCB-4B93-83E4-FCB57C740017}.Debug|Any CPU.ActiveCfg = Debug|Any CPU
		{FE554E7A-0CCB-4B93-83E4-FCB57C740017}.Debug|Any CPU.Build.0 = Debug|Any CPU
		{FE554E7A-0CCB-4B93-83E4-FCB57C740017}.Debug|x64.ActiveCfg = Debug|Any CPU
		{FE554E7A-0CCB-4B93-83E4-FCB57C740017}.Debug|x64.Build.0 = Debug|Any CPU
		{FE554E7A-0CCB-4B93-83E4-FCB57C740017}.Debug|x86.ActiveCfg = Debug|Any CPU
		{FE554E7A-0CCB-4B93-83E4-FCB57C740017}.Debug|x86.Build.0 = Debug|Any CPU
		{FE554E7A-0CCB-4B93-83E4-FCB57C740017}.Release|Any CPU.ActiveCfg = Release|Any CPU
		{FE554E7A-0CCB-4B93-83E4-FCB57C740017}.Release|Any CPU.Build.0 = Release|Any CPU
		{FE554E7A-0CCB-4B93-83E4-FCB57C740017}.Release|x64.ActiveCfg = Release|Any CPU
		{FE554E7A-0CCB-4B93-83E4-FCB57C740017}.Release|x64.Build.0 = Release|Any CPU
		{FE554E7A-0CCB-4B93-83E4-FCB57C740017}.Release|x86.ActiveCfg = Release|Any CPU
		{FE554E7A-0CCB-4B93-83E4-FCB57C740017}.Release|x86.Build.0 = Release|Any CPU
		{15C93A62-D1DF-435D-9BD5-924F4F3A5144}.Debug|Any CPU.ActiveCfg = Debug|Any CPU
		{15C93A62-D1DF-435D-9BD5-924F4F3A5144}.Debug|Any CPU.Build.0 = Debug|Any CPU
		{15C93A62-D1DF-435D-9BD5-924F4F3A5144}.Debug|x64.ActiveCfg = Debug|Any CPU
		{15C93A62-D1DF-435D-9BD5-924F4F3A5144}.Debug|x64.Build.0 = Debug|Any CPU
		{15C93A62-D1DF-435D-9BD5-924F4F3A5144}.Debug|x86.ActiveCfg = Debug|Any CPU
		{15C93A62-D1DF-435D-9BD5-924F4F3A5144}.Debug|x86.Build.0 = Debug|Any CPU
		{15C93A62-D1DF-435D-9BD5-924F4F3A5144}.Release|Any CPU.ActiveCfg = Release|Any CPU
		{15C93A62-D1DF-435D-9BD5-924F4F3A5144}.Release|Any CPU.Build.0 = Release|Any CPU
		{15C93A62-D1DF-435D-9BD5-924F4F3A5144}.Release|x64.ActiveCfg = Release|Any CPU
		{15C93A62-D1DF-435D-9BD5-924F4F3A5144}.Release|x64.Build.0 = Release|Any CPU
		{15C93A62-D1DF-435D-9BD5-924F4F3A5144}.Release|x86.ActiveCfg = Release|Any CPU
		{15C93A62-D1DF-435D-9BD5-924F4F3A5144}.Release|x86.Build.0 = Release|Any CPU
		{CECD951E-6F16-48E1-8206-DEA9BD7097E7}.Debug|Any CPU.ActiveCfg = Debug|Any CPU
		{CECD951E-6F16-48E1-8206-DEA9BD7097E7}.Debug|Any CPU.Build.0 = Debug|Any CPU
		{CECD951E-6F16-48E1-8206-DEA9BD7097E7}.Debug|x64.ActiveCfg = Debug|Any CPU
		{CECD951E-6F16-48E1-8206-DEA9BD7097E7}.Debug|x64.Build.0 = Debug|Any CPU
		{CECD951E-6F16-48E1-8206-DEA9BD7097E7}.Debug|x86.ActiveCfg = Debug|Any CPU
		{CECD951E-6F16-48E1-8206-DEA9BD7097E7}.Debug|x86.Build.0 = Debug|Any CPU
		{CECD951E-6F16-48E1-8206-DEA9BD7097E7}.Release|Any CPU.ActiveCfg = Release|Any CPU
		{CECD951E-6F16-48E1-8206-DEA9BD7097E7}.Release|Any CPU.Build.0 = Release|Any CPU
		{CECD951E-6F16-48E1-8206-DEA9BD7097E7}.Release|x64.ActiveCfg = Release|Any CPU
		{CECD951E-6F16-48E1-8206-DEA9BD7097E7}.Release|x64.Build.0 = Release|Any CPU
		{CECD951E-6F16-48E1-8206-DEA9BD7097E7}.Release|x86.ActiveCfg = Release|Any CPU
		{CECD951E-6F16-48E1-8206-DEA9BD7097E7}.Release|x86.Build.0 = Release|Any CPU
		{BE9A6AAC-1936-4085-9196-520FC08FED94}.Debug|Any CPU.ActiveCfg = Debug|Any CPU
		{BE9A6AAC-1936-4085-9196-520FC08FED94}.Debug|Any CPU.Build.0 = Debug|Any CPU
		{BE9A6AAC-1936-4085-9196-520FC08FED94}.Debug|x64.ActiveCfg = Debug|Any CPU
		{BE9A6AAC-1936-4085-9196-520FC08FED94}.Debug|x64.Build.0 = Debug|Any CPU
		{BE9A6AAC-1936-4085-9196-520FC08FED94}.Debug|x86.ActiveCfg = Debug|Any CPU
		{BE9A6AAC-1936-4085-9196-520FC08FED94}.Debug|x86.Build.0 = Debug|Any CPU
		{BE9A6AAC-1936-4085-9196-520FC08FED94}.Release|Any CPU.ActiveCfg = Release|Any CPU
		{BE9A6AAC-1936-4085-9196-520FC08FED94}.Release|Any CPU.Build.0 = Release|Any CPU
		{BE9A6AAC-1936-4085-9196-520FC08FED94}.Release|x64.ActiveCfg = Release|Any CPU
		{BE9A6AAC-1936-4085-9196-520FC08FED94}.Release|x64.Build.0 = Release|Any CPU
		{BE9A6AAC-1936-4085-9196-520FC08FED94}.Release|x86.ActiveCfg = Release|Any CPU
		{BE9A6AAC-1936-4085-9196-520FC08FED94}.Release|x86.Build.0 = Release|Any CPU
		{162BAA3D-014C-47D3-AAC4-B0F3E5E0E809}.Debug|Any CPU.ActiveCfg = Debug|Any CPU
		{162BAA3D-014C-47D3-AAC4-B0F3E5E0E809}.Debug|Any CPU.Build.0 = Debug|Any CPU
		{162BAA3D-014C-47D3-AAC4-B0F3E5E0E809}.Debug|x64.ActiveCfg = Debug|Any CPU
		{162BAA3D-014C-47D3-AAC4-B0F3E5E0E809}.Debug|x64.Build.0 = Debug|Any CPU
		{162BAA3D-014C-47D3-AAC4-B0F3E5E0E809}.Debug|x86.ActiveCfg = Debug|Any CPU
		{162BAA3D-014C-47D3-AAC4-B0F3E5E0E809}.Debug|x86.Build.0 = Debug|Any CPU
		{162BAA3D-014C-47D3-AAC4-B0F3E5E0E809}.Release|Any CPU.ActiveCfg = Release|Any CPU
		{162BAA3D-014C-47D3-AAC4-B0F3E5E0E809}.Release|Any CPU.Build.0 = Release|Any CPU
		{162BAA3D-014C-47D3-AAC4-B0F3E5E0E809}.Release|x64.ActiveCfg = Release|Any CPU
		{162BAA3D-014C-47D3-AAC4-B0F3E5E0E809}.Release|x64.Build.0 = Release|Any CPU
		{162BAA3D-014C-47D3-AAC4-B0F3E5E0E809}.Release|x86.ActiveCfg = Release|Any CPU
		{162BAA3D-014C-47D3-AAC4-B0F3E5E0E809}.Release|x86.Build.0 = Release|Any CPU
		{965124A3-CC05-40FB-B1F7-B1ADB14A08AB}.Debug|Any CPU.ActiveCfg = Debug|Any CPU
		{965124A3-CC05-40FB-B1F7-B1ADB14A08AB}.Debug|Any CPU.Build.0 = Debug|Any CPU
		{965124A3-CC05-40FB-B1F7-B1ADB14A08AB}.Debug|x64.ActiveCfg = Debug|Any CPU
		{965124A3-CC05-40FB-B1F7-B1ADB14A08AB}.Debug|x64.Build.0 = Debug|Any CPU
		{965124A3-CC05-40FB-B1F7-B1ADB14A08AB}.Debug|x86.ActiveCfg = Debug|Any CPU
		{965124A3-CC05-40FB-B1F7-B1ADB14A08AB}.Debug|x86.Build.0 = Debug|Any CPU
		{965124A3-CC05-40FB-B1F7-B1ADB14A08AB}.Release|Any CPU.ActiveCfg = Release|Any CPU
		{965124A3-CC05-40FB-B1F7-B1ADB14A08AB}.Release|Any CPU.Build.0 = Release|Any CPU
		{965124A3-CC05-40FB-B1F7-B1ADB14A08AB}.Release|x64.ActiveCfg = Release|Any CPU
		{965124A3-CC05-40FB-B1F7-B1ADB14A08AB}.Release|x64.Build.0 = Release|Any CPU
		{965124A3-CC05-40FB-B1F7-B1ADB14A08AB}.Release|x86.ActiveCfg = Release|Any CPU
		{965124A3-CC05-40FB-B1F7-B1ADB14A08AB}.Release|x86.Build.0 = Release|Any CPU
		{C3BF799D-F5A4-41AB-8727-3B79AFDB0569}.Debug|Any CPU.ActiveCfg = Debug|Any CPU
		{C3BF799D-F5A4-41AB-8727-3B79AFDB0569}.Debug|Any CPU.Build.0 = Debug|Any CPU
		{C3BF799D-F5A4-41AB-8727-3B79AFDB0569}.Debug|x64.ActiveCfg = Debug|Any CPU
		{C3BF799D-F5A4-41AB-8727-3B79AFDB0569}.Debug|x64.Build.0 = Debug|Any CPU
		{C3BF799D-F5A4-41AB-8727-3B79AFDB0569}.Debug|x86.ActiveCfg = Debug|Any CPU
		{C3BF799D-F5A4-41AB-8727-3B79AFDB0569}.Debug|x86.Build.0 = Debug|Any CPU
		{C3BF799D-F5A4-41AB-8727-3B79AFDB0569}.Release|Any CPU.ActiveCfg = Release|Any CPU
		{C3BF799D-F5A4-41AB-8727-3B79AFDB0569}.Release|Any CPU.Build.0 = Release|Any CPU
		{C3BF799D-F5A4-41AB-8727-3B79AFDB0569}.Release|x64.ActiveCfg = Release|Any CPU
		{C3BF799D-F5A4-41AB-8727-3B79AFDB0569}.Release|x64.Build.0 = Release|Any CPU
		{C3BF799D-F5A4-41AB-8727-3B79AFDB0569}.Release|x86.ActiveCfg = Release|Any CPU
		{C3BF799D-F5A4-41AB-8727-3B79AFDB0569}.Release|x86.Build.0 = Release|Any CPU
		{1957C31B-6066-4BA0-915C-DDAA2A21EBDB}.Debug|Any CPU.ActiveCfg = Debug|Any CPU
		{1957C31B-6066-4BA0-915C-DDAA2A21EBDB}.Debug|Any CPU.Build.0 = Debug|Any CPU
		{1957C31B-6066-4BA0-915C-DDAA2A21EBDB}.Debug|x64.ActiveCfg = Debug|Any CPU
		{1957C31B-6066-4BA0-915C-DDAA2A21EBDB}.Debug|x64.Build.0 = Debug|Any CPU
		{1957C31B-6066-4BA0-915C-DDAA2A21EBDB}.Debug|x86.ActiveCfg = Debug|Any CPU
		{1957C31B-6066-4BA0-915C-DDAA2A21EBDB}.Debug|x86.Build.0 = Debug|Any CPU
		{1957C31B-6066-4BA0-915C-DDAA2A21EBDB}.Release|Any CPU.ActiveCfg = Release|Any CPU
		{1957C31B-6066-4BA0-915C-DDAA2A21EBDB}.Release|Any CPU.Build.0 = Release|Any CPU
		{1957C31B-6066-4BA0-915C-DDAA2A21EBDB}.Release|x64.ActiveCfg = Release|Any CPU
		{1957C31B-6066-4BA0-915C-DDAA2A21EBDB}.Release|x64.Build.0 = Release|Any CPU
		{1957C31B-6066-4BA0-915C-DDAA2A21EBDB}.Release|x86.ActiveCfg = Release|Any CPU
		{1957C31B-6066-4BA0-915C-DDAA2A21EBDB}.Release|x86.Build.0 = Release|Any CPU
	EndGlobalSection
	GlobalSection(SolutionProperties) = preSolution
		HideSolutionNode = FALSE
	EndGlobalSection
	GlobalSection(NestedProjects) = preSolution
		{D49AB3BC-1549-46C5-95EE-008B38D241F8} = {827E0CD3-B72D-47B6-A68D-7590B98EB39B}
		{D4FCCF9A-B01F-4175-A143-E56A16505BE6} = {827E0CD3-B72D-47B6-A68D-7590B98EB39B}
		{799F7D6A-2329-4253-82FC-5D2668707688} = {827E0CD3-B72D-47B6-A68D-7590B98EB39B}
		{C71CD991-E270-4640-BD4E-8C1569DD6FC3} = {827E0CD3-B72D-47B6-A68D-7590B98EB39B}
		{FE554E7A-0CCB-4B93-83E4-FCB57C740017} = {827E0CD3-B72D-47B6-A68D-7590B98EB39B}
		{15C93A62-D1DF-435D-9BD5-924F4F3A5144} = {0AB3BF05-4346-4AA6-1389-037BE0695223}
		{CECD951E-6F16-48E1-8206-DEA9BD7097E7} = {0AB3BF05-4346-4AA6-1389-037BE0695223}
		{BE9A6AAC-1936-4085-9196-520FC08FED94} = {0AB3BF05-4346-4AA6-1389-037BE0695223}
		{162BAA3D-014C-47D3-AAC4-B0F3E5E0E809} = {0AB3BF05-4346-4AA6-1389-037BE0695223}
		{965124A3-CC05-40FB-B1F7-B1ADB14A08AB} = {0AB3BF05-4346-4AA6-1389-037BE0695223}
	EndGlobalSection
EndGlobal
